PODS:
  - SpreadsheetView (0.8.4)

DEPENDENCIES:
  - SpreadsheetView

SPEC REPOS:
  https://github.com/cocoapods/specs.git:
    - SpreadsheetView

SPEC CHECKSUMS:
  SpreadsheetView: 17c55b6dc82099993cc2ceb818248d19f3220998

PODFILE CHECKSUM: 5b47acdb3835516e69a1e8d9c672330c98ccfa66

COCOAPODS: 1.6.0.beta.2
